
Microsoft Visual Studio Solution File, Format Version 12.00
# Visual Studio Version 17
VisualStudioVersion = 17.8.34330.188
MinimumVisualStudioVersion = 10.0.40219.1
Project("{FAE04EC0-301F-11D3-BF4B-00C04F79EFBC}") = "LethalArmors", "LethalArmors\LethalArmors.csproj", "{16EEE57A-384A-4037-8324-5D3F6D8D4E85}"
EndProject
Global
	GlobalSection(SolutionConfigurationPlatforms) = preSolution
		Debug|Any CPU = Debug|Any CPU
		Release|Any CPU = Release|Any CPU
	EndGlobalSection
	GlobalSection(ProjectConfigurationPlatforms) = postSolution
		{16EEE57A-384A-4037-8324-5D3F6D8D4E85}.Debug|Any CPU.ActiveCfg = Debug|Any CPU
		{16EEE57A-384A-4037-8324-5D3F6D8D4E85}.Debug|Any CPU.Build.0 = Debug|Any CPU
		{16EEE57A-384A-4037-8324-5D3F6D8D4E85}.Release|Any CPU.ActiveCfg = Release|Any CPU
		{16EEE57A-384A-4037-8324-5D3F6D8D4E85}.Release|Any CPU.Build.0 = Release|Any CPU
	EndGlobalSection
	GlobalSection(SolutionProperties) = preSolution
		HideSolutionNode = FALSE
	EndGlobalSection
	GlobalSection(ExtensibilityGlobals) = postSolution
		SolutionGuid = {9E1CCAA0-C348-4212-A765-4CA207FC7F5A}
	EndGlobalSection
EndGlobal
